
Microsoft Visual Studio Solution File, Format Version 12.00
# Visual Studio Version 17
VisualStudioVersion = 17.4.33205.214
MinimumVisualStudioVersion = 10.0.40219.1
Project("{FAE04EC0-301F-11D3-BF4B-00C04F79EFBC}") = "Multi_Tenant", "Multi_Tenant\Multi_Tenant.csproj", "{234C867F-E2DA-429A-9A8B-8C730BF7E7B8}"
EndProject
Global
	GlobalSection(SolutionConfigurationPlatforms) = preSolution
		Debug|Any CPU = Debug|Any CPU
		Release|Any CPU = Release|Any CPU
	EndGlobalSection
	GlobalSection(ProjectConfigurationPlatforms) = postSolution
		{234C867F-E2DA-429A-9A8B-8C730BF7E7B8}.Debug|Any CPU.ActiveCfg = Debug|Any CPU
		{234C867F-E2DA-429A-9A8B-8C730BF7E7B8}.Debug|Any CPU.Build.0 = Debug|Any CPU
		{234C867F-E2DA-429A-9A8B-8C730BF7E7B8}.Release|Any CPU.ActiveCfg = Release|Any CPU
		{234C867F-E2DA-429A-9A8B-8C730BF7E7B8}.Release|Any CPU.Build.0 = Release|Any CPU
	EndGlobalSection
	GlobalSection(SolutionProperties) = preSolution
		HideSolutionNode = FALSE
	EndGlobalSection
	GlobalSection(ExtensibilityGlobals) = postSolution
		SolutionGuid = {2653520C-F592-4B96-81D3-D6733B7C0917}
	EndGlobalSection
EndGlobal
